
Microsoft Visual Studio Solution File, Format Version 12.00
# Visual Studio Version 16
VisualStudioVersion = 16.0.29609.76
MinimumVisualStudioVersion = 10.0.40219.1
Project("{888888A0-9F3D-457C-B088-3A5042F75D52}") = "Python_Challenge2", "Python_Challenge2\Python_Challenge2.pyproj", "{87D00FF8-F4DF-4116-8864-FEE031379EBB}"
EndProject
Global
	GlobalSection(SolutionConfigurationPlatforms) = preSolution
		Debug|Any CPU = Debug|Any CPU
		Release|Any CPU = Release|Any CPU
	EndGlobalSection
	GlobalSection(ProjectConfigurationPlatforms) = postSolution
		{87D00FF8-F4DF-4116-8864-FEE031379EBB}.Debug|Any CPU.ActiveCfg = Debug|Any CPU
		{87D00FF8-F4DF-4116-8864-FEE031379EBB}.Release|Any CPU.ActiveCfg = Release|Any CPU
	EndGlobalSection
	GlobalSection(SolutionProperties) = preSolution
		HideSolutionNode = FALSE
	EndGlobalSection
	GlobalSection(ExtensibilityGlobals) = postSolution
		SolutionGuid = {17E0FA2C-9D81-4569-A10F-B915A1E4B41E}
	EndGlobalSection
EndGlobal
