
Microsoft Visual Studio Solution File, Format Version 12.00
# Visual Studio Version 16
VisualStudioVersion = 16.0.29609.76
MinimumVisualStudioVersion = 10.0.40219.1
Project("{888888A0-9F3D-457C-B088-3A5042F75D52}") = "Python_Challenge1", "Python_Challenge1\Python_Challenge1.pyproj", "{D29AB108-44EC-4C09-8D57-2CD0A4C7981F}"
EndProject
Global
	GlobalSection(SolutionConfigurationPlatforms) = preSolution
		Debug|Any CPU = Debug|Any CPU
		Release|Any CPU = Release|Any CPU
	EndGlobalSection
	GlobalSection(ProjectConfigurationPlatforms) = postSolution
		{D29AB108-44EC-4C09-8D57-2CD0A4C7981F}.Debug|Any CPU.ActiveCfg = Debug|Any CPU
		{D29AB108-44EC-4C09-8D57-2CD0A4C7981F}.Release|Any CPU.ActiveCfg = Release|Any CPU
	EndGlobalSection
	GlobalSection(SolutionProperties) = preSolution
		HideSolutionNode = FALSE
	EndGlobalSection
	GlobalSection(ExtensibilityGlobals) = postSolution
		SolutionGuid = {7B4CABCA-D6CD-4BA4-86B5-67D90773AC5C}
	EndGlobalSection
EndGlobal
